// !$*UTF8*$!
{
	archiveVersion = 1;
	classes = {
	};
	objectVersion = 55;
	objects = {

/* Begin PBXBuildFile section */
		E011663D283D03FB00A6A426 /* AppDelegate.swift in Sources */ = {isa = PBXBuildFile; fileRef = E011663C283D03FB00A6A426 /* AppDelegate.swift */; };
		E011663F283D03FB00A6A426 /* SceneDelegate.swift in Sources */ = {isa = PBXBuildFile; fileRef = E011663E283D03FB00A6A426 /* SceneDelegate.swift */; };
		E0116641283D03FB00A6A426 /* ViewController.swift in Sources */ = {isa = PBXBuildFile; fileRef = E0116640283D03FB00A6A426 /* ViewController.swift */; };
		E0116644283D03FB00A6A426 /* Main.storyboard in Resources */ = {isa = PBXBuildFile; fileRef = E0116642283D03FB00A6A426 /* Main.storyboard */; };
		E0116646283D040500A6A426 /* Assets.xcassets in Resources */ = {isa = PBXBuildFile; fileRef = E0116645283D040500A6A426 /* Assets.xcassets */; };
		E0116649283D040500A6A426 /* LaunchScreen.storyboard in Resources */ = {isa = PBXBuildFile; fileRef = E0116647283D040500A6A426 /* LaunchScreen.storyboard */; };
		E011665B283D052400A6A426 /* HomeViewController.swift in Sources */ = {isa = PBXBuildFile; fileRef = E011665A283D052400A6A426 /* HomeViewController.swift */; };
		E011665E283D056100A6A426 /* NavigationController.swift in Sources */ = {isa = PBXBuildFile; fileRef = E011665D283D056100A6A426 /* NavigationController.swift */; };
		E0116660283D084800A6A426 /* CardExpense.swift in Sources */ = {isa = PBXBuildFile; fileRef = E011665F283D084700A6A426 /* CardExpense.swift */; };
		E0116662283D08FA00A6A426 /* AuxViewController.swift in Sources */ = {isa = PBXBuildFile; fileRef = E0116661283D08FA00A6A426 /* AuxViewController.swift */; };
		E0116664283D0F9E00A6A426 /* CardMonthSpend.swift in Sources */ = {isa = PBXBuildFile; fileRef = E0116663283D0F9E00A6A426 /* CardMonthSpend.swift */; };
		E0116668283D18FB00A6A426 /* HomeViewModel.swift in Sources */ = {isa = PBXBuildFile; fileRef = E0116667283D18FB00A6A426 /* HomeViewModel.swift */; };
		E011666B283D208F00A6A426 /* RxCocoa in Frameworks */ = {isa = PBXBuildFile; productRef = E011666A283D208F00A6A426 /* RxCocoa */; };
		E011666D283D208F00A6A426 /* RxRelay in Frameworks */ = {isa = PBXBuildFile; productRef = E011666C283D208F00A6A426 /* RxRelay */; };
		E011666F283D208F00A6A426 /* RxSwift in Frameworks */ = {isa = PBXBuildFile; productRef = E011666E283D208F00A6A426 /* RxSwift */; };
		E0116674283D3A0400A6A426 /* TransactionCollectionViewCell.swift in Sources */ = {isa = PBXBuildFile; fileRef = E0116673283D3A0400A6A426 /* TransactionCollectionViewCell.swift */; };
		E0116678283D4AE800A6A426 /* AddExpenseViewController.swift in Sources */ = {isa = PBXBuildFile; fileRef = E0116677283D4AE800A6A426 /* AddExpenseViewController.swift */; };
		E07CFDA2283FABA800D1DF78 /* BoxDate.swift in Sources */ = {isa = PBXBuildFile; fileRef = E07CFDA1283FABA800D1DF78 /* BoxDate.swift */; };
		E07CFDA4283FABDF00D1DF78 /* BoxExpense.swift in Sources */ = {isa = PBXBuildFile; fileRef = E07CFDA3283FABDF00D1DF78 /* BoxExpense.swift */; };
		E07CFDA7283FC77000D1DF78 /* AddExpenseViewModel.swift in Sources */ = {isa = PBXBuildFile; fileRef = E07CFDA6283FC76F00D1DF78 /* AddExpenseViewModel.swift */; };
		E07CFDA9283FE3D000D1DF78 /* ExpenseModel.swift in Sources */ = {isa = PBXBuildFile; fileRef = E07CFDA8283FE3D000D1DF78 /* ExpenseModel.swift */; };
		E0C5D50A283E709F00F20C04 /* TextFieldCustom.swift in Sources */ = {isa = PBXBuildFile; fileRef = E0C5D509283E709F00F20C04 /* TextFieldCustom.swift */; };
		E0C5D50D283E91A000F20C04 /* BoxCategory.swift in Sources */ = {isa = PBXBuildFile; fileRef = E0C5D50C283E91A000F20C04 /* BoxCategory.swift */; };
		E0C5D510283E9AD900F20C04 /* CheckSegmented.swift in Sources */ = {isa = PBXBuildFile; fileRef = E0C5D50F283E9AD900F20C04 /* CheckSegmented.swift */; };
/* End PBXBuildFile section */

/* Begin PBXFileReference section */
		E0116639283D03FB00A6A426 /* ExpenseTracker.app */ = {isa = PBXFileReference; explicitFileType = wrapper.application; includeInIndex = 0; path = ExpenseTracker.app; sourceTree = BUILT_PRODUCTS_DIR; };
		E011663C283D03FB00A6A426 /* AppDelegate.swift */ = {isa = PBXFileReference; lastKnownFileType = sourcecode.swift; path = AppDelegate.swift; sourceTree = "<group>"; };
		E011663E283D03FB00A6A426 /* SceneDelegate.swift */ = {isa = PBXFileReference; lastKnownFileType = sourcecode.swift; path = SceneDelegate.swift; sourceTree = "<group>"; };
		E0116640283D03FB00A6A426 /* ViewController.swift */ = {isa = PBXFileReference; lastKnownFileType = sourcecode.swift; path = ViewController.swift; sourceTree = "<group>"; };
		E0116643283D03FB00A6A426 /* Base */ = {isa = PBXFileReference; lastKnownFileType = file.storyboard; name = Base; path = Base.lproj/Main.storyboard; sourceTree = "<group>"; };
		E0116645283D040500A6A426 /* Assets.xcassets */ = {isa = PBXFileReference; lastKnownFileType = folder.assetcatalog; path = Assets.xcassets; sourceTree = "<group>"; };
		E0116648283D040500A6A426 /* Base */ = {isa = PBXFileReference; lastKnownFileType = file.storyboard; name = Base; path = Base.lproj/LaunchScreen.storyboard; sourceTree = "<group>"; };
		E011664A283D040500A6A426 /* Info.plist */ = {isa = PBXFileReference; lastKnownFileType = text.plist.xml; path = Info.plist; sourceTree = "<group>"; };
		E011665A283D052400A6A426 /* HomeViewController.swift */ = {isa = PBXFileReference; lastKnownFileType = sourcecode.swift; path = HomeViewController.swift; sourceTree = "<group>"; };
		E011665D283D056100A6A426 /* NavigationController.swift */ = {isa = PBXFileReference; lastKnownFileType = sourcecode.swift; path = NavigationController.swift; sourceTree = "<group>"; };
		E011665F283D084700A6A426 /* CardExpense.swift */ = {isa = PBXFileReference; lastKnownFileType = sourcecode.swift; path = CardExpense.swift; sourceTree = "<group>"; };
		E0116661283D08FA00A6A426 /* AuxViewController.swift */ = {isa = PBXFileReference; lastKnownFileType = sourcecode.swift; path = AuxViewController.swift; sourceTree = "<group>"; };
		E0116663283D0F9E00A6A426 /* CardMonthSpend.swift */ = {isa = PBXFileReference; lastKnownFileType = sourcecode.swift; path = CardMonthSpend.swift; sourceTree = "<group>"; };
		E0116667283D18FB00A6A426 /* HomeViewModel.swift */ = {isa = PBXFileReference; lastKnownFileType = sourcecode.swift; path = HomeViewModel.swift; sourceTree = "<group>"; };
		E0116673283D3A0400A6A426 /* TransactionCollectionViewCell.swift */ = {isa = PBXFileReference; lastKnownFileType = sourcecode.swift; path = TransactionCollectionViewCell.swift; sourceTree = "<group>"; };
		E0116677283D4AE800A6A426 /* AddExpenseViewController.swift */ = {isa = PBXFileReference; lastKnownFileType = sourcecode.swift; path = AddExpenseViewController.swift; sourceTree = "<group>"; };
		E07CFDA1283FABA800D1DF78 /* BoxDate.swift */ = {isa = PBXFileReference; lastKnownFileType = sourcecode.swift; path = BoxDate.swift; sourceTree = "<group>"; };
		E07CFDA3283FABDF00D1DF78 /* BoxExpense.swift */ = {isa = PBXFileReference; lastKnownFileType = sourcecode.swift; path = BoxExpense.swift; sourceTree = "<group>"; };
		E07CFDA6283FC76F00D1DF78 /* AddExpenseViewModel.swift */ = {isa = PBXFileReference; lastKnownFileType = sourcecode.swift; path = AddExpenseViewModel.swift; sourceTree = "<group>"; };
		E07CFDA8283FE3D000D1DF78 /* ExpenseModel.swift */ = {isa = PBXFileReference; lastKnownFileType = sourcecode.swift; path = ExpenseModel.swift; sourceTree = "<group>"; };
		E0C5D509283E709F00F20C04 /* TextFieldCustom.swift */ = {isa = PBXFileReference; lastKnownFileType = sourcecode.swift; path = TextFieldCustom.swift; sourceTree = "<group>"; };
		E0C5D50C283E91A000F20C04 /* BoxCategory.swift */ = {isa = PBXFileReference; lastKnownFileType = sourcecode.swift; path = BoxCategory.swift; sourceTree = "<group>"; };
		E0C5D50F283E9AD900F20C04 /* CheckSegmented.swift */ = {isa = PBXFileReference; lastKnownFileType = sourcecode.swift; path = CheckSegmented.swift; sourceTree = "<group>"; };
/* End PBXFileReference section */

/* Begin PBXFrameworksBuildPhase section */
		E0116636283D03FB00A6A426 /* Frameworks */ = {
			isa = PBXFrameworksBuildPhase;
			buildActionMask = 2147483647;
			files = (
				E011666F283D208F00A6A426 /* RxSwift in Frameworks */,
				E011666D283D208F00A6A426 /* RxRelay in Frameworks */,
				E011666B283D208F00A6A426 /* RxCocoa in Frameworks */,
			);
			runOnlyForDeploymentPostprocessing = 0;
		};
/* End PBXFrameworksBuildPhase section */

/* Begin PBXGroup section */
		E0116630283D03FB00A6A426 = {
			isa = PBXGroup;
			children = (
				E011663B283D03FB00A6A426 /* ExpenseTracker */,
				E011663A283D03FB00A6A426 /* Products */,
			);
			sourceTree = "<group>";
		};
		E011663A283D03FB00A6A426 /* Products */ = {
			isa = PBXGroup;
			children = (
				E0116639283D03FB00A6A426 /* ExpenseTracker.app */,
			);
			name = Products;
			sourceTree = "<group>";
		};
		E011663B283D03FB00A6A426 /* ExpenseTracker */ = {
			isa = PBXGroup;
			children = (
				E0116657283D04DC00A6A426 /* Model */,
				E0116656283D04D400A6A426 /* Common */,
				E0116655283D04C800A6A426 /* Presentation */,
				E011663C283D03FB00A6A426 /* AppDelegate.swift */,
				E011663E283D03FB00A6A426 /* SceneDelegate.swift */,
				E0116640283D03FB00A6A426 /* ViewController.swift */,
				E0116642283D03FB00A6A426 /* Main.storyboard */,
				E0116645283D040500A6A426 /* Assets.xcassets */,
				E0116647283D040500A6A426 /* LaunchScreen.storyboard */,
				E011664A283D040500A6A426 /* Info.plist */,
			);
			path = ExpenseTracker;
			sourceTree = "<group>";
		};
		E0116655283D04C800A6A426 /* Presentation */ = {
			isa = PBXGroup;
			children = (
				E0116675283D4AB800A6A426 /* AddExpenseViewController */,
				E011665C283D053C00A6A426 /* Navigation */,
				E0116658283D04E600A6A426 /* Home */,
			);
			path = Presentation;
			sourceTree = "<group>";
		};
		E0116656283D04D400A6A426 /* Common */ = {
			isa = PBXGroup;
			children = (
				E011665F283D084700A6A426 /* CardExpense.swift */,
				E0116661283D08FA00A6A426 /* AuxViewController.swift */,
				E0116663283D0F9E00A6A426 /* CardMonthSpend.swift */,
				E0C5D509283E709F00F20C04 /* TextFieldCustom.swift */,
			);
			path = Common;
			sourceTree = "<group>";
		};
		E0116657283D04DC00A6A426 /* Model */ = {
			isa = PBXGroup;
			children = (
				E07CFDA8283FE3D000D1DF78 /* ExpenseModel.swift */,
			);
			path = Model;
			sourceTree = "<group>";
		};
		E0116658283D04E600A6A426 /* Home */ = {
			isa = PBXGroup;
			children = (
				E0116666283D18DB00A6A426 /* ViewModel */,
				E0116659283D04EE00A6A426 /* View */,
			);
			path = Home;
			sourceTree = "<group>";
		};
		E0116659283D04EE00A6A426 /* View */ = {
			isa = PBXGroup;
			children = (
				E0116665283D177500A6A426 /* Cell */,
				E011665A283D052400A6A426 /* HomeViewController.swift */,
			);
			path = View;
			sourceTree = "<group>";
		};
		E011665C283D053C00A6A426 /* Navigation */ = {
			isa = PBXGroup;
			children = (
				E011665D283D056100A6A426 /* NavigationController.swift */,
			);
			path = Navigation;
			sourceTree = "<group>";
		};
		E0116665283D177500A6A426 /* Cell */ = {
			isa = PBXGroup;
			children = (
				E0116673283D3A0400A6A426 /* TransactionCollectionViewCell.swift */,
			);
			path = Cell;
			sourceTree = "<group>";
		};
		E0116666283D18DB00A6A426 /* ViewModel */ = {
			isa = PBXGroup;
			children = (
				E0116667283D18FB00A6A426 /* HomeViewModel.swift */,
			);
			path = ViewModel;
			sourceTree = "<group>";
		};
		E0116675283D4AB800A6A426 /* AddExpenseViewController */ = {
			isa = PBXGroup;
			children = (
				E07CFDA5283FC75700D1DF78 /* ViewModel */,
				E0116676283D4AC800A6A426 /* View */,
			);
			path = AddExpenseViewController;
			sourceTree = "<group>";
		};
		E0116676283D4AC800A6A426 /* View */ = {
			isa = PBXGroup;
			children = (
				E0C5D50B283E918600F20C04 /* Common */,
				E0116677283D4AE800A6A426 /* AddExpenseViewController.swift */,
			);
			path = View;
			sourceTree = "<group>";
		};
		E07CFDA5283FC75700D1DF78 /* ViewModel */ = {
			isa = PBXGroup;
			children = (
				E07CFDA6283FC76F00D1DF78 /* AddExpenseViewModel.swift */,
			);
			path = ViewModel;
			sourceTree = "<group>";
		};
		E0C5D50B283E918600F20C04 /* Common */ = {
			isa = PBXGroup;
			children = (
				E0C5D50C283E91A000F20C04 /* BoxCategory.swift */,
				E07CFDA1283FABA800D1DF78 /* BoxDate.swift */,
				E0C5D50F283E9AD900F20C04 /* CheckSegmented.swift */,
				E07CFDA3283FABDF00D1DF78 /* BoxExpense.swift */,
			);
			path = Common;
			sourceTree = "<group>";
		};
/* End PBXGroup section */

/* Begin PBXNativeTarget section */
		E0116638283D03FB00A6A426 /* ExpenseTracker */ = {
			isa = PBXNativeTarget;
			buildConfigurationList = E011664D283D040500A6A426 /* Build configuration list for PBXNativeTarget "ExpenseTracker" */;
			buildPhases = (
				E0116635283D03FB00A6A426 /* Sources */,
				E0116636283D03FB00A6A426 /* Frameworks */,
				E0116637283D03FB00A6A426 /* Resources */,
			);
			buildRules = (
			);
			dependencies = (
			);
			name = ExpenseTracker;
			packageProductDependencies = (
				E011666A283D208F00A6A426 /* RxCocoa */,
				E011666C283D208F00A6A426 /* RxRelay */,
				E011666E283D208F00A6A426 /* RxSwift */,
			);
			productName = ExpenseTracker;
			productReference = E0116639283D03FB00A6A426 /* ExpenseTracker.app */;
			productType = "com.apple.product-type.application";
		};
/* End PBXNativeTarget section */

/* Begin PBXProject section */
		E0116631283D03FB00A6A426 /* Project object */ = {
			isa = PBXProject;
			attributes = {
				BuildIndependentTargetsInParallel = 1;
				LastSwiftUpdateCheck = 1330;
				LastUpgradeCheck = 1330;
				TargetAttributes = {
					E0116638283D03FB00A6A426 = {
						CreatedOnToolsVersion = 13.3.1;
					};
				};
			};
			buildConfigurationList = E0116634283D03FB00A6A426 /* Build configuration list for PBXProject "ExpenseTracker" */;
			compatibilityVersion = "Xcode 13.0";
			developmentRegion = en;
			hasScannedForEncodings = 0;
			knownRegions = (
				en,
				Base,
			);
			mainGroup = E0116630283D03FB00A6A426;
			packageReferences = (
				E0116669283D208F00A6A426 /* XCRemoteSwiftPackageReference "RxSwift" */,
			);
			productRefGroup = E011663A283D03FB00A6A426 /* Products */;
			projectDirPath = "";
			projectRoot = "";
			targets = (
				E0116638283D03FB00A6A426 /* ExpenseTracker */,
			);
		};
/* End PBXProject section */

/* Begin PBXResourcesBuildPhase section */
		E0116637283D03FB00A6A426 /* Resources */ = {
			isa = PBXResourcesBuildPhase;
			buildActionMask = 2147483647;
			files = (
				E0116649283D040500A6A426 /* LaunchScreen.storyboard in Resources */,
				E0116646283D040500A6A426 /* Assets.xcassets in Resources */,
				E0116644283D03FB00A6A426 /* Main.storyboard in Resources */,
			);
			runOnlyForDeploymentPostprocessing = 0;
		};
/* End PBXResourcesBuildPhase section */

/* Begin PBXSourcesBuildPhase section */
		E0116635283D03FB00A6A426 /* Sources */ = {
			isa = PBXSourcesBuildPhase;
			buildActionMask = 2147483647;
			files = (
				E07CFDA7283FC77000D1DF78 /* AddExpenseViewModel.swift in Sources */,
				E0C5D50A283E709F00F20C04 /* TextFieldCustom.swift in Sources */,
				E0116641283D03FB00A6A426 /* ViewController.swift in Sources */,
				E0C5D50D283E91A000F20C04 /* BoxCategory.swift in Sources */,
				E0116668283D18FB00A6A426 /* HomeViewModel.swift in Sources */,
				E0116664283D0F9E00A6A426 /* CardMonthSpend.swift in Sources */,
				E0116674283D3A0400A6A426 /* TransactionCollectionViewCell.swift in Sources */,
				E011663D283D03FB00A6A426 /* AppDelegate.swift in Sources */,
				E0116678283D4AE800A6A426 /* AddExpenseViewController.swift in Sources */,
				E07CFDA2283FABA800D1DF78 /* BoxDate.swift in Sources */,
				E0116660283D084800A6A426 /* CardExpense.swift in Sources */,
				E011665E283D056100A6A426 /* NavigationController.swift in Sources */,
				E07CFDA9283FE3D000D1DF78 /* ExpenseModel.swift in Sources */,
				E011663F283D03FB00A6A426 /* SceneDelegate.swift in Sources */,
				E07CFDA4283FABDF00D1DF78 /* BoxExpense.swift in Sources */,
				E011665B283D052400A6A426 /* HomeViewController.swift in Sources */,
				E0116662283D08FA00A6A426 /* AuxViewController.swift in Sources */,
				E0C5D510283E9AD900F20C04 /* CheckSegmented.swift in Sources */,
			);
			runOnlyForDeploymentPostprocessing = 0;
		};
/* End PBXSourcesBuildPhase section */

/* Begin PBXVariantGroup section */
		E0116642283D03FB00A6A426 /* Main.storyboard */ = {
			isa = PBXVariantGroup;
			children = (
				E0116643283D03FB00A6A426 /* Base */,
			);
			name = Main.storyboard;
			sourceTree = "<group>";
		};
		E0116647283D040500A6A426 /* LaunchScreen.storyboard */ = {
			isa = PBXVariantGroup;
			children = (
				E0116648283D040500A6A426 /* Base */,
			);
			name = LaunchScreen.storyboard;
			sourceTree = "<group>";
		};
/* End PBXVariantGroup section */

/* Begin XCBuildConfiguration section */
		E011664B283D040500A6A426 /* Debug */ = {
			isa = XCBuildConfiguration;
			buildSettings = {
				ALWAYS_SEARCH_USER_PATHS = NO;
				CLANG_ANALYZER_NONNULL = YES;
				CLANG_ANALYZER_NUMBER_OBJECT_CONVERSION = YES_AGGRESSIVE;
				CLANG_CXX_LANGUAGE_STANDARD = "gnu++17";
				CLANG_ENABLE_MODULES = YES;
				CLANG_ENABLE_OBJC_ARC = YES;
				CLANG_ENABLE_OBJC_WEAK = YES;
				CLANG_WARN_BLOCK_CAPTURE_AUTORELEASING = YES;
				CLANG_WARN_BOOL_CONVERSION = YES;
				CLANG_WARN_COMMA = YES;
				CLANG_WARN_CONSTANT_CONVERSION = YES;
				CLANG_WARN_DEPRECATED_OBJC_IMPLEMENTATIONS = YES;
				CLANG_WARN_DIRECT_OBJC_ISA_USAGE = YES_ERROR;
				CLANG_WARN_DOCUMENTATION_COMMENTS = YES;
				CLANG_WARN_EMPTY_BODY = YES;
				CLANG_WARN_ENUM_CONVERSION = YES;
				CLANG_WARN_INFINITE_RECURSION = YES;
				CLANG_WARN_INT_CONVERSION = YES;
				CLANG_WARN_NON_LITERAL_NULL_CONVERSION = YES;
				CLANG_WARN_OBJC_IMPLICIT_RETAIN_SELF = YES;
				CLANG_WARN_OBJC_LITERAL_CONVERSION = YES;
				CLANG_WARN_OBJC_ROOT_CLASS = YES_ERROR;
				CLANG_WARN_QUOTED_INCLUDE_IN_FRAMEWORK_HEADER = YES;
				CLANG_WARN_RANGE_LOOP_ANALYSIS = YES;
				CLANG_WARN_STRICT_PROTOTYPES = YES;
				CLANG_WARN_SUSPICIOUS_MOVE = YES;
				CLANG_WARN_UNGUARDED_AVAILABILITY = YES_AGGRESSIVE;
				CLANG_WARN_UNREACHABLE_CODE = YES;
				CLANG_WARN__DUPLICATE_METHOD_MATCH = YES;
				COPY_PHASE_STRIP = NO;
				DEBUG_INFORMATION_FORMAT = dwarf;
				ENABLE_STRICT_OBJC_MSGSEND = YES;
				ENABLE_TESTABILITY = YES;
				GCC_C_LANGUAGE_STANDARD = gnu11;
				GCC_DYNAMIC_NO_PIC = NO;
				GCC_NO_COMMON_BLOCKS = YES;
				GCC_OPTIMIZATION_LEVEL = 0;
				GCC_PREPROCESSOR_DEFINITIONS = (
					"DEBUG=1",
					"$(inherited)",
				);
				GCC_WARN_64_TO_32_BIT_CONVERSION = YES;
				GCC_WARN_ABOUT_RETURN_TYPE = YES_ERROR;
				GCC_WARN_UNDECLARED_SELECTOR = YES;
				GCC_WARN_UNINITIALIZED_AUTOS = YES_AGGRESSIVE;
				GCC_WARN_UNUSED_FUNCTION = YES;
				GCC_WARN_UNUSED_VARIABLE = YES;
				IPHONEOS_DEPLOYMENT_TARGET = 15.4;
				MTL_ENABLE_DEBUG_INFO = INCLUDE_SOURCE;
				MTL_FAST_MATH = YES;
				ONLY_ACTIVE_ARCH = YES;
				SDKROOT = iphoneos;
				SWIFT_ACTIVE_COMPILATION_CONDITIONS = DEBUG;
				SWIFT_OPTIMIZATION_LEVEL = "-Onone";
			};
			name = Debug;
		};
		E011664C283D040500A6A426 /* Release */ = {
			isa = XCBuildConfiguration;
			buildSettings = {
				ALWAYS_SEARCH_USER_PATHS = NO;
				CLANG_ANALYZER_NONNULL = YES;
				CLANG_ANALYZER_NUMBER_OBJECT_CONVERSION = YES_AGGRESSIVE;
				CLANG_CXX_LANGUAGE_STANDARD = "gnu++17";
				CLANG_ENABLE_MODULES = YES;
				CLANG_ENABLE_OBJC_ARC = YES;
				CLANG_ENABLE_OBJC_WEAK = YES;
				CLANG_WARN_BLOCK_CAPTURE_AUTORELEASING = YES;
				CLANG_WARN_BOOL_CONVERSION = YES;
				CLANG_WARN_COMMA = YES;
				CLANG_WARN_CONSTANT_CONVERSION = YES;
				CLANG_WARN_DEPRECATED_OBJC_IMPLEMENTATIONS = YES;
				CLANG_WARN_DIRECT_OBJC_ISA_USAGE = YES_ERROR;
				CLANG_WARN_DOCUMENTATION_COMMENTS = YES;
				CLANG_WARN_EMPTY_BODY = YES;
				CLANG_WARN_ENUM_CONVERSION = YES;
				CLANG_WARN_INFINITE_RECURSION = YES;
				CLANG_WARN_INT_CONVERSION = YES;
				CLANG_WARN_NON_LITERAL_NULL_CONVERSION = YES;
				CLANG_WARN_OBJC_IMPLICIT_RETAIN_SELF = YES;
				CLANG_WARN_OBJC_LITERAL_CONVERSION = YES;
				CLANG_WARN_OBJC_ROOT_CLASS = YES_ERROR;
				CLANG_WARN_QUOTED_INCLUDE_IN_FRAMEWORK_HEADER = YES;
				CLANG_WARN_RANGE_LOOP_ANALYSIS = YES;
				CLANG_WARN_STRICT_PROTOTYPES = YES;
				CLANG_WARN_SUSPICIOUS_MOVE = YES;
				CLANG_WARN_UNGUARDED_AVAILABILITY = YES_AGGRESSIVE;
				CLANG_WARN_UNREACHABLE_CODE = YES;
				CLANG_WARN__DUPLICATE_METHOD_MATCH = YES;
				COPY_PHASE_STRIP = NO;
				DEBUG_INFORMATION_FORMAT = "dwarf-with-dsym";
				ENABLE_NS_ASSERTIONS = NO;
				ENABLE_STRICT_OBJC_MSGSEND = YES;
				GCC_C_LANGUAGE_STANDARD = gnu11;
				GCC_NO_COMMON_BLOCKS = YES;
				GCC_WARN_64_TO_32_BIT_CONVERSION = YES;
				GCC_WARN_ABOUT_RETURN_TYPE = YES_ERROR;
				GCC_WARN_UNDECLARED_SELECTOR = YES;
				GCC_WARN_UNINITIALIZED_AUTOS = YES_AGGRESSIVE;
				GCC_WARN_UNUSED_FUNCTION = YES;
				GCC_WARN_UNUSED_VARIABLE = YES;
				IPHONEOS_DEPLOYMENT_TARGET = 15.4;
				MTL_ENABLE_DEBUG_INFO = NO;
				MTL_FAST_MATH = YES;
				SDKROOT = iphoneos;
				SWIFT_COMPILATION_MODE = wholemodule;
				SWIFT_OPTIMIZATION_LEVEL = "-O";
				VALIDATE_PRODUCT = YES;
			};
			name = Release;
		};
		E011664E283D040500A6A426 /* Debug */ = {
			isa = XCBuildConfiguration;
			buildSettings = {
				ASSETCATALOG_COMPILER_APPICON_NAME = AppIcon;
				ASSETCATALOG_COMPILER_GLOBAL_ACCENT_COLOR_NAME = AccentColor;
				CODE_SIGN_STYLE = Automatic;
				CURRENT_PROJECT_VERSION = 1;
				GENERATE_INFOPLIST_FILE = YES;
				INFOPLIST_FILE = ExpenseTracker/Info.plist;
				INFOPLIST_KEY_UIApplicationSupportsIndirectInputEvents = YES;
				INFOPLIST_KEY_UILaunchStoryboardName = LaunchScreen;
				INFOPLIST_KEY_UIMainStoryboardFile = Main;
				INFOPLIST_KEY_UISupportedInterfaceOrientations_iPad = "UIInterfaceOrientationPortrait UIInterfaceOrientationPortraitUpsideDown UIInterfaceOrientationLandscapeLeft UIInterfaceOrientationLandscapeRight";
				INFOPLIST_KEY_UISupportedInterfaceOrientations_iPhone = "UIInterfaceOrientationPortrait UIInterfaceOrientationLandscapeLeft UIInterfaceOrientationLandscapeRight";
				LD_RUNPATH_SEARCH_PATHS = (
					"$(inherited)",
					"@executable_path/Frameworks",
				);
				MARKETING_VERSION = 1.0;
				PRODUCT_BUNDLE_IDENTIFIER = com.james.ExpenseTracker;
				PRODUCT_NAME = "$(TARGET_NAME)";
				SWIFT_EMIT_LOC_STRINGS = YES;
				SWIFT_VERSION = 5.0;
				TARGETED_DEVICE_FAMILY = "1,2";
			};
			name = Debug;
		};
		E011664F283D040500A6A426 /* Release */ = {
			isa = XCBuildConfiguration;
			buildSettings = {
				ASSETCATALOG_COMPILER_APPICON_NAME = AppIcon;
				ASSETCATALOG_COMPILER_GLOBAL_ACCENT_COLOR_NAME = AccentColor;
				CODE_SIGN_STYLE = Automatic;
				CURRENT_PROJECT_VERSION = 1;
				GENERATE_INFOPLIST_FILE = YES;
				INFOPLIST_FILE = ExpenseTracker/Info.plist;
				INFOPLIST_KEY_UIApplicationSupportsIndirectInputEvents = YES;
				INFOPLIST_KEY_UILaunchStoryboardName = LaunchScreen;
				INFOPLIST_KEY_UIMainStoryboardFile = Main;
				INFOPLIST_KEY_UISupportedInterfaceOrientations_iPad = "UIInterfaceOrientationPortrait UIInterfaceOrientationPortraitUpsideDown UIInterfaceOrientationLandscapeLeft UIInterfaceOrientationLandscapeRight";
				INFOPLIST_KEY_UISupportedInterfaceOrientations_iPhone = "UIInterfaceOrientationPortrait UIInterfaceOrientationLandscapeLeft UIInterfaceOrientationLandscapeRight";
				LD_RUNPATH_SEARCH_PATHS = (
					"$(inherited)",
					"@executable_path/Frameworks",
				);
				MARKETING_VERSION = 1.0;
				PRODUCT_BUNDLE_IDENTIFIER = com.james.ExpenseTracker;
				PRODUCT_NAME = "$(TARGET_NAME)";
				SWIFT_EMIT_LOC_STRINGS = YES;
				SWIFT_VERSION = 5.0;
				TARGETED_DEVICE_FAMILY = "1,2";
			};
			name = Release;
		};
/* End XCBuildConfiguration section */

/* Begin XCConfigurationList section */
		E0116634283D03FB00A6A426 /* Build configuration list for PBXProject "ExpenseTracker" */ = {
			isa = XCConfigurationList;
			buildConfigurations = (
				E011664B283D040500A6A426 /* Debug */,
				E011664C283D040500A6A426 /* Release */,
			);
			defaultConfigurationIsVisible = 0;
			defaultConfigurationName = Release;
		};
		E011664D283D040500A6A426 /* Build configuration list for PBXNativeTarget "ExpenseTracker" */ = {
			isa = XCConfigurationList;
			buildConfigurations = (
				E011664E283D040500A6A426 /* Debug */,
				E011664F283D040500A6A426 /* Release */,
			);
			defaultConfigurationIsVisible = 0;
			defaultConfigurationName = Release;
		};
/* End XCConfigurationList section */

/* Begin XCRemoteSwiftPackageReference section */
		E0116669283D208F00A6A426 /* XCRemoteSwiftPackageReference "RxSwift" */ = {
			isa = XCRemoteSwiftPackageReference;
			repositoryURL = "https://github.com/ReactiveX/RxSwift.git";
			requirement = {
				kind = exactVersion;
				version = 6.5.0;
			};
		};
/* End XCRemoteSwiftPackageReference section */

/* Begin XCSwiftPackageProductDependency section */
		E011666A283D208F00A6A426 /* RxCocoa */ = {
			isa = XCSwiftPackageProductDependency;
			package = E0116669283D208F00A6A426 /* XCRemoteSwiftPackageReference "RxSwift" */;
			productName = RxCocoa;
		};
		E011666C283D208F00A6A426 /* RxRelay */ = {
			isa = XCSwiftPackageProductDependency;
			package = E0116669283D208F00A6A426 /* XCRemoteSwiftPackageReference "RxSwift" */;
			productName = RxRelay;
		};
		E011666E283D208F00A6A426 /* RxSwift */ = {
			isa = XCSwiftPackageProductDependency;
			package = E0116669283D208F00A6A426 /* XCRemoteSwiftPackageReference "RxSwift" */;
			productName = RxSwift;
		};
/* End XCSwiftPackageProductDependency section */
	};
	rootObject = E0116631283D03FB00A6A426 /* Project object */;
}
